// !$*UTF8*$!
{
	archiveVersion = 1;
	classes = {
	};
	objectVersion = 50;
	objects = {

/* Begin PBXBuildFile section */
		97335C8B26EFAE1100B18EF8 /* AppDelegate.swift in Sources */ = {isa = PBXBuildFile; fileRef = 97335C8A26EFAE1100B18EF8 /* AppDelegate.swift */; };
		97335C8D26EFAE1100B18EF8 /* SceneDelegate.swift in Sources */ = {isa = PBXBuildFile; fileRef = 97335C8C26EFAE1100B18EF8 /* SceneDelegate.swift */; };
		97335C9226EFAE1100B18EF8 /* Main.storyboard in Resources */ = {isa = PBXBuildFile; fileRef = 97335C9026EFAE1100B18EF8 /* Main.storyboard */; };
		97335C9426EFAE1100B18EF8 /* Assets.xcassets in Resources */ = {isa = PBXBuildFile; fileRef = 97335C9326EFAE1100B18EF8 /* Assets.xcassets */; };
		97335C9726EFAE1100B18EF8 /* LaunchScreen.storyboard in Resources */ = {isa = PBXBuildFile; fileRef = 97335C9526EFAE1100B18EF8 /* LaunchScreen.storyboard */; };
		97335CA226EFAE1200B18EF8 /* FlexablePatternDemoTests.swift in Sources */ = {isa = PBXBuildFile; fileRef = 97335CA126EFAE1200B18EF8 /* FlexablePatternDemoTests.swift */; };
		97335CC226EFC2F800B18EF8 /* SimpleMVCViewController.swift in Sources */ = {isa = PBXBuildFile; fileRef = 97335CC126EFC2F800B18EF8 /* SimpleMVCViewController.swift */; };
		97335CC426EFC31300B18EF8 /* SimpleModel.swift in Sources */ = {isa = PBXBuildFile; fileRef = 97335CC326EFC31300B18EF8 /* SimpleModel.swift */; };
		97335CC626F10C6600B18EF8 /* MyNextSimpleViewController.swift in Sources */ = {isa = PBXBuildFile; fileRef = 97335CC526F10C6600B18EF8 /* MyNextSimpleViewController.swift */; };
		97335CC826F118EC00B18EF8 /* ComplexMVCViewController.swift in Sources */ = {isa = PBXBuildFile; fileRef = 97335CC726F118EC00B18EF8 /* ComplexMVCViewController.swift */; };
		97335CCA26F11D7200B18EF8 /* ComplexMVCViewModel.swift in Sources */ = {isa = PBXBuildFile; fileRef = 97335CC926F11D7200B18EF8 /* ComplexMVCViewModel.swift */; };
		97335CCC26F1334D00B18EF8 /* SimpleViperViewController.swift in Sources */ = {isa = PBXBuildFile; fileRef = 97335CCB26F1334D00B18EF8 /* SimpleViperViewController.swift */; };
		97335CCE26F133C000B18EF8 /* SimpleViperViewModel.swift in Sources */ = {isa = PBXBuildFile; fileRef = 97335CCD26F133C000B18EF8 /* SimpleViperViewModel.swift */; };
		97335CD026F24BD800B18EF8 /* SimpleViperViewPresenter.swift in Sources */ = {isa = PBXBuildFile; fileRef = 97335CCF26F24BD800B18EF8 /* SimpleViperViewPresenter.swift */; };
		97335CD226F24BEF00B18EF8 /* SimpleViperViewModelImpl.swift in Sources */ = {isa = PBXBuildFile; fileRef = 97335CD126F24BEF00B18EF8 /* SimpleViperViewModelImpl.swift */; };
		97335CD426F24ED400B18EF8 /* SimpleViperViewInteractor.swift in Sources */ = {isa = PBXBuildFile; fileRef = 97335CD326F24ED400B18EF8 /* SimpleViperViewInteractor.swift */; };
		97335CD626F24F3100B18EF8 /* SimpleViperViewInteractorImpl.swift in Sources */ = {isa = PBXBuildFile; fileRef = 97335CD526F24F3100B18EF8 /* SimpleViperViewInteractorImpl.swift */; };
/* End PBXBuildFile section */

/* Begin PBXContainerItemProxy section */
		97335C9E26EFAE1200B18EF8 /* PBXContainerItemProxy */ = {
			isa = PBXContainerItemProxy;
			containerPortal = 97335C7F26EFAE1100B18EF8 /* Project object */;
			proxyType = 1;
			remoteGlobalIDString = 97335C8626EFAE1100B18EF8;
			remoteInfo = FlexablePatternDemo;
		};
		97335CA926EFAE1200B18EF8 /* PBXContainerItemProxy */ = {
			isa = PBXContainerItemProxy;
			containerPortal = 97335C7F26EFAE1100B18EF8 /* Project object */;
			proxyType = 1;
			remoteGlobalIDString = 97335C8626EFAE1100B18EF8;
			remoteInfo = FlexablePatternDemo;
		};
/* End PBXContainerItemProxy section */

/* Begin PBXFileReference section */
		97335C8726EFAE1100B18EF8 /* FlexablePatternDemo.app */ = {isa = PBXFileReference; explicitFileType = wrapper.application; includeInIndex = 0; path = FlexablePatternDemo.app; sourceTree = BUILT_PRODUCTS_DIR; };
		97335C8A26EFAE1100B18EF8 /* AppDelegate.swift */ = {isa = PBXFileReference; lastKnownFileType = sourcecode.swift; path = AppDelegate.swift; sourceTree = "<group>"; };
		97335C8C26EFAE1100B18EF8 /* SceneDelegate.swift */ = {isa = PBXFileReference; lastKnownFileType = sourcecode.swift; path = SceneDelegate.swift; sourceTree = "<group>"; };
		97335C9126EFAE1100B18EF8 /* Base */ = {isa = PBXFileReference; lastKnownFileType = file.storyboard; name = Base; path = Base.lproj/Main.storyboard; sourceTree = "<group>"; };
		97335C9326EFAE1100B18EF8 /* Assets.xcassets */ = {isa = PBXFileReference; lastKnownFileType = folder.assetcatalog; path = Assets.xcassets; sourceTree = "<group>"; };
		97335C9626EFAE1100B18EF8 /* Base */ = {isa = PBXFileReference; lastKnownFileType = file.storyboard; name = Base; path = Base.lproj/LaunchScreen.storyboard; sourceTree = "<group>"; };
		97335C9826EFAE1100B18EF8 /* Info.plist */ = {isa = PBXFileReference; lastKnownFileType = text.plist.xml; path = Info.plist; sourceTree = "<group>"; };
		97335C9D26EFAE1200B18EF8 /* FlexablePatternDemoTests.xctest */ = {isa = PBXFileReference; explicitFileType = wrapper.cfbundle; includeInIndex = 0; path = FlexablePatternDemoTests.xctest; sourceTree = BUILT_PRODUCTS_DIR; };
		97335CA126EFAE1200B18EF8 /* FlexablePatternDemoTests.swift */ = {isa = PBXFileReference; lastKnownFileType = sourcecode.swift; path = FlexablePatternDemoTests.swift; sourceTree = "<group>"; };
		97335CA326EFAE1200B18EF8 /* Info.plist */ = {isa = PBXFileReference; lastKnownFileType = text.plist.xml; path = Info.plist; sourceTree = "<group>"; };
		97335CA826EFAE1200B18EF8 /* FlexablePatternDemoUITests.xctest */ = {isa = PBXFileReference; explicitFileType = wrapper.cfbundle; includeInIndex = 0; path = FlexablePatternDemoUITests.xctest; sourceTree = BUILT_PRODUCTS_DIR; };
		97335CC026EFB19600B18EF8 /* README.md */ = {isa = PBXFileReference; lastKnownFileType = net.daringfireball.markdown; path = README.md; sourceTree = "<group>"; };
		97335CC126EFC2F800B18EF8 /* SimpleMVCViewController.swift */ = {isa = PBXFileReference; lastKnownFileType = sourcecode.swift; path = SimpleMVCViewController.swift; sourceTree = "<group>"; };
		97335CC326EFC31300B18EF8 /* SimpleModel.swift */ = {isa = PBXFileReference; lastKnownFileType = sourcecode.swift; path = SimpleModel.swift; sourceTree = "<group>"; };
		97335CC526F10C6600B18EF8 /* MyNextSimpleViewController.swift */ = {isa = PBXFileReference; lastKnownFileType = sourcecode.swift; path = MyNextSimpleViewController.swift; sourceTree = "<group>"; };
		97335CC726F118EC00B18EF8 /* ComplexMVCViewController.swift */ = {isa = PBXFileReference; lastKnownFileType = sourcecode.swift; path = ComplexMVCViewController.swift; sourceTree = "<group>"; };
		97335CC926F11D7200B18EF8 /* ComplexMVCViewModel.swift */ = {isa = PBXFileReference; lastKnownFileType = sourcecode.swift; path = ComplexMVCViewModel.swift; sourceTree = "<group>"; };
		97335CCB26F1334D00B18EF8 /* SimpleViperViewController.swift */ = {isa = PBXFileReference; lastKnownFileType = sourcecode.swift; path = SimpleViperViewController.swift; sourceTree = "<group>"; };
		97335CCD26F133C000B18EF8 /* SimpleViperViewModel.swift */ = {isa = PBXFileReference; lastKnownFileType = sourcecode.swift; path = SimpleViperViewModel.swift; sourceTree = "<group>"; };
		97335CCF26F24BD800B18EF8 /* SimpleViperViewPresenter.swift */ = {isa = PBXFileReference; lastKnownFileType = sourcecode.swift; path = SimpleViperViewPresenter.swift; sourceTree = "<group>"; };
		97335CD126F24BEF00B18EF8 /* SimpleViperViewModelImpl.swift */ = {isa = PBXFileReference; lastKnownFileType = sourcecode.swift; path = SimpleViperViewModelImpl.swift; sourceTree = "<group>"; };
		97335CD326F24ED400B18EF8 /* SimpleViperViewInteractor.swift */ = {isa = PBXFileReference; lastKnownFileType = sourcecode.swift; path = SimpleViperViewInteractor.swift; sourceTree = "<group>"; };
		97335CD526F24F3100B18EF8 /* SimpleViperViewInteractorImpl.swift */ = {isa = PBXFileReference; lastKnownFileType = sourcecode.swift; path = SimpleViperViewInteractorImpl.swift; sourceTree = "<group>"; };
/* End PBXFileReference section */

/* Begin PBXFrameworksBuildPhase section */
		97335C8426EFAE1100B18EF8 /* Frameworks */ = {
			isa = PBXFrameworksBuildPhase;
			buildActionMask = 2147483647;
			files = (
			);
			runOnlyForDeploymentPostprocessing = 0;
		};
		97335C9A26EFAE1200B18EF8 /* Frameworks */ = {
			isa = PBXFrameworksBuildPhase;
			buildActionMask = 2147483647;
			files = (
			);
			runOnlyForDeploymentPostprocessing = 0;
		};
		97335CA526EFAE1200B18EF8 /* Frameworks */ = {
			isa = PBXFrameworksBuildPhase;
			buildActionMask = 2147483647;
			files = (
			);
			runOnlyForDeploymentPostprocessing = 0;
		};
/* End PBXFrameworksBuildPhase section */

/* Begin PBXGroup section */
		97335C7E26EFAE1100B18EF8 = {
			isa = PBXGroup;
			children = (
				97335C8926EFAE1100B18EF8 /* FlexablePatternDemo */,
				97335CA026EFAE1200B18EF8 /* FlexablePatternDemoTests */,
				97335C8826EFAE1100B18EF8 /* Products */,
			);
			sourceTree = "<group>";
		};
		97335C8826EFAE1100B18EF8 /* Products */ = {
			isa = PBXGroup;
			children = (
				97335C8726EFAE1100B18EF8 /* FlexablePatternDemo.app */,
				97335C9D26EFAE1200B18EF8 /* FlexablePatternDemoTests.xctest */,
				97335CA826EFAE1200B18EF8 /* FlexablePatternDemoUITests.xctest */,
			);
			name = Products;
			sourceTree = "<group>";
		};
		97335C8926EFAE1100B18EF8 /* FlexablePatternDemo */ = {
			isa = PBXGroup;
			children = (
				97335CBF26EFB15A00B18EF8 /* Application Files */,
				97335CBE26EFB13D00B18EF8 /* Full Viper Feature */,
				97335CBD26EFB13100B18EF8 /* Complex Viper Feature */,
				97335CBC26EFB11700B18EF8 /* Simple Viper Feature */,
				97335CBB26EFB10300B18EF8 /* Complex MVC Feature */,
				97335CBA26EFB0F200B18EF8 /* Simple MVC Feature */,
				97335CC526F10C6600B18EF8 /* MyNextSimpleViewController.swift */,
				97335CDA26F256C700B18EF8 /* Model Domain */,
				97335CC026EFB19600B18EF8 /* README.md */,
			);
			path = FlexablePatternDemo;
			sourceTree = "<group>";
		};
		97335CA026EFAE1200B18EF8 /* FlexablePatternDemoTests */ = {
			isa = PBXGroup;
			children = (
				97335CA126EFAE1200B18EF8 /* FlexablePatternDemoTests.swift */,
				97335CA326EFAE1200B18EF8 /* Info.plist */,
			);
			path = FlexablePatternDemoTests;
			sourceTree = "<group>";
		};
		97335CBA26EFB0F200B18EF8 /* Simple MVC Feature */ = {
			isa = PBXGroup;
			children = (
				97335CC126EFC2F800B18EF8 /* SimpleMVCViewController.swift */,
			);
			path = "Simple MVC Feature";
			sourceTree = "<group>";
		};
		97335CBB26EFB10300B18EF8 /* Complex MVC Feature */ = {
			isa = PBXGroup;
			children = (
				97335CC726F118EC00B18EF8 /* ComplexMVCViewController.swift */,
				97335CC926F11D7200B18EF8 /* ComplexMVCViewModel.swift */,
			);
			path = "Complex MVC Feature";
			sourceTree = "<group>";
		};
		97335CBC26EFB11700B18EF8 /* Simple Viper Feature */ = {
			isa = PBXGroup;
			children = (
				97335CD926F252A500B18EF8 /* Simple Viper ViewController */,
				97335CD726F2526500B18EF8 /* Simple Viper ViewModel */,
				97335CD826F2528A00B18EF8 /* Simple Viper View Interactor */,
			);
			path = "Simple Viper Feature";
			sourceTree = "<group>";
		};
		97335CBD26EFB13100B18EF8 /* Complex Viper Feature */ = {
			isa = PBXGroup;
			children = (
			);
			path = "Complex Viper Feature";
			sourceTree = "<group>";
		};
		97335CBE26EFB13D00B18EF8 /* Full Viper Feature */ = {
			isa = PBXGroup;
			children = (
			);
			path = "Full Viper Feature";
			sourceTree = "<group>";
		};
		97335CBF26EFB15A00B18EF8 /* Application Files */ = {
			isa = PBXGroup;
			children = (
				97335C8A26EFAE1100B18EF8 /* AppDelegate.swift */,
				97335C8C26EFAE1100B18EF8 /* SceneDelegate.swift */,
				97335C9026EFAE1100B18EF8 /* Main.storyboard */,
				97335C9326EFAE1100B18EF8 /* Assets.xcassets */,
				97335C9526EFAE1100B18EF8 /* LaunchScreen.storyboard */,
				97335C9826EFAE1100B18EF8 /* Info.plist */,
			);
			path = "Application Files";
			sourceTree = "<group>";
		};
		97335CD726F2526500B18EF8 /* Simple Viper ViewModel */ = {
			isa = PBXGroup;
			children = (
				97335CCD26F133C000B18EF8 /* SimpleViperViewModel.swift */,
				97335CD126F24BEF00B18EF8 /* SimpleViperViewModelImpl.swift */,
			);
			path = "Simple Viper ViewModel";
			sourceTree = "<group>";
		};
		97335CD826F2528A00B18EF8 /* Simple Viper View Interactor */ = {
			isa = PBXGroup;
			children = (
				97335CD326F24ED400B18EF8 /* SimpleViperViewInteractor.swift */,
				97335CD526F24F3100B18EF8 /* SimpleViperViewInteractorImpl.swift */,
			);
			path = "Simple Viper View Interactor";
			sourceTree = "<group>";
		};
		97335CD926F252A500B18EF8 /* Simple Viper ViewController */ = {
			isa = PBXGroup;
			children = (
				97335CCF26F24BD800B18EF8 /* SimpleViperViewPresenter.swift */,
				97335CCB26F1334D00B18EF8 /* SimpleViperViewController.swift */,
			);
			path = "Simple Viper ViewController";
			sourceTree = "<group>";
		};
		97335CDA26F256C700B18EF8 /* Model Domain */ = {
			isa = PBXGroup;
			children = (
				97335CC326EFC31300B18EF8 /* SimpleModel.swift */,
			);
			path = "Model Domain";
			sourceTree = "<group>";
		};
/* End PBXGroup section */

/* Begin PBXNativeTarget section */
		97335C8626EFAE1100B18EF8 /* FlexablePatternDemo */ = {
			isa = PBXNativeTarget;
			buildConfigurationList = 97335CB126EFAE1200B18EF8 /* Build configuration list for PBXNativeTarget "FlexablePatternDemo" */;
			buildPhases = (
				97335C8326EFAE1100B18EF8 /* Sources */,
				97335C8426EFAE1100B18EF8 /* Frameworks */,
				97335C8526EFAE1100B18EF8 /* Resources */,
			);
			buildRules = (
			);
			dependencies = (
			);
			name = FlexablePatternDemo;
			productName = FlexablePatternDemo;
			productReference = 97335C8726EFAE1100B18EF8 /* FlexablePatternDemo.app */;
			productType = "com.apple.product-type.application";
		};
		97335C9C26EFAE1200B18EF8 /* FlexablePatternDemoTests */ = {
			isa = PBXNativeTarget;
			buildConfigurationList = 97335CB426EFAE1200B18EF8 /* Build configuration list for PBXNativeTarget "FlexablePatternDemoTests" */;
			buildPhases = (
				97335C9926EFAE1200B18EF8 /* Sources */,
				97335C9A26EFAE1200B18EF8 /* Frameworks */,
				97335C9B26EFAE1200B18EF8 /* Resources */,
			);
			buildRules = (
			);
			dependencies = (
				97335C9F26EFAE1200B18EF8 /* PBXTargetDependency */,
			);
			name = FlexablePatternDemoTests;
			productName = FlexablePatternDemoTests;
			productReference = 97335C9D26EFAE1200B18EF8 /* FlexablePatternDemoTests.xctest */;
			productType = "com.apple.product-type.bundle.unit-test";
		};
		97335CA726EFAE1200B18EF8 /* FlexablePatternDemoUITests */ = {
			isa = PBXNativeTarget;
			buildConfigurationList = 97335CB726EFAE1200B18EF8 /* Build configuration list for PBXNativeTarget "FlexablePatternDemoUITests" */;
			buildPhases = (
				97335CA426EFAE1200B18EF8 /* Sources */,
				97335CA526EFAE1200B18EF8 /* Frameworks */,
				97335CA626EFAE1200B18EF8 /* Resources */,
			);
			buildRules = (
			);
			dependencies = (
				97335CAA26EFAE1200B18EF8 /* PBXTargetDependency */,
			);
			name = FlexablePatternDemoUITests;
			productName = FlexablePatternDemoUITests;
			productReference = 97335CA826EFAE1200B18EF8 /* FlexablePatternDemoUITests.xctest */;
			productType = "com.apple.product-type.bundle.ui-testing";
		};
/* End PBXNativeTarget section */

/* Begin PBXProject section */
		97335C7F26EFAE1100B18EF8 /* Project object */ = {
			isa = PBXProject;
			attributes = {
				LastSwiftUpdateCheck = 1250;
				LastUpgradeCheck = 1250;
				TargetAttributes = {
					97335C8626EFAE1100B18EF8 = {
						CreatedOnToolsVersion = 12.5.1;
					};
					97335C9C26EFAE1200B18EF8 = {
						CreatedOnToolsVersion = 12.5.1;
						TestTargetID = 97335C8626EFAE1100B18EF8;
					};
					97335CA726EFAE1200B18EF8 = {
						CreatedOnToolsVersion = 12.5.1;
						TestTargetID = 97335C8626EFAE1100B18EF8;
					};
				};
			};
			buildConfigurationList = 97335C8226EFAE1100B18EF8 /* Build configuration list for PBXProject "FlexablePatternDemo" */;
			compatibilityVersion = "Xcode 9.3";
			developmentRegion = en;
			hasScannedForEncodings = 0;
			knownRegions = (
				en,
				Base,
			);
			mainGroup = 97335C7E26EFAE1100B18EF8;
			productRefGroup = 97335C8826EFAE1100B18EF8 /* Products */;
			projectDirPath = "";
			projectRoot = "";
			targets = (
				97335C8626EFAE1100B18EF8 /* FlexablePatternDemo */,
				97335C9C26EFAE1200B18EF8 /* FlexablePatternDemoTests */,
				97335CA726EFAE1200B18EF8 /* FlexablePatternDemoUITests */,
			);
		};
/* End PBXProject section */

/* Begin PBXResourcesBuildPhase section */
		97335C8526EFAE1100B18EF8 /* Resources */ = {
			isa = PBXResourcesBuildPhase;
			buildActionMask = 2147483647;
			files = (
				97335C9726EFAE1100B18EF8 /* LaunchScreen.storyboard in Resources */,
				97335C9426EFAE1100B18EF8 /* Assets.xcassets in Resources */,
				97335C9226EFAE1100B18EF8 /* Main.storyboard in Resources */,
			);
			runOnlyForDeploymentPostprocessing = 0;
		};
		97335C9B26EFAE1200B18EF8 /* Resources */ = {
			isa = PBXResourcesBuildPhase;
			buildActionMask = 2147483647;
			files = (
			);
			runOnlyForDeploymentPostprocessing = 0;
		};
		97335CA626EFAE1200B18EF8 /* Resources */ = {
			isa = PBXResourcesBuildPhase;
			buildActionMask = 2147483647;
			files = (
			);
			runOnlyForDeploymentPostprocessing = 0;
		};
/* End PBXResourcesBuildPhase section */

/* Begin PBXSourcesBuildPhase section */
		97335C8326EFAE1100B18EF8 /* Sources */ = {
			isa = PBXSourcesBuildPhase;
			buildActionMask = 2147483647;
			files = (
				97335CC626F10C6600B18EF8 /* MyNextSimpleViewController.swift in Sources */,
				97335CCC26F1334D00B18EF8 /* SimpleViperViewController.swift in Sources */,
				97335CC426EFC31300B18EF8 /* SimpleModel.swift in Sources */,
				97335CD626F24F3100B18EF8 /* SimpleViperViewInteractorImpl.swift in Sources */,
				97335CC226EFC2F800B18EF8 /* SimpleMVCViewController.swift in Sources */,
				97335CD426F24ED400B18EF8 /* SimpleViperViewInteractor.swift in Sources */,
				97335CCA26F11D7200B18EF8 /* ComplexMVCViewModel.swift in Sources */,
				97335C8B26EFAE1100B18EF8 /* AppDelegate.swift in Sources */,
				97335CD026F24BD800B18EF8 /* SimpleViperViewPresenter.swift in Sources */,
				97335CCE26F133C000B18EF8 /* SimpleViperViewModel.swift in Sources */,
				97335CD226F24BEF00B18EF8 /* SimpleViperViewModelImpl.swift in Sources */,
				97335CC826F118EC00B18EF8 /* ComplexMVCViewController.swift in Sources */,
				97335C8D26EFAE1100B18EF8 /* SceneDelegate.swift in Sources */,
			);
			runOnlyForDeploymentPostprocessing = 0;
		};
		97335C9926EFAE1200B18EF8 /* Sources */ = {
			isa = PBXSourcesBuildPhase;
			buildActionMask = 2147483647;
			files = (
				97335CA226EFAE1200B18EF8 /* FlexablePatternDemoTests.swift in Sources */,
			);
			runOnlyForDeploymentPostprocessing = 0;
		};
		97335CA426EFAE1200B18EF8 /* Sources */ = {
			isa = PBXSourcesBuildPhase;
			buildActionMask = 2147483647;
			files = (
			);
			runOnlyForDeploymentPostprocessing = 0;
		};
/* End PBXSourcesBuildPhase section */

/* Begin PBXTargetDependency section */
		97335C9F26EFAE1200B18EF8 /* PBXTargetDependency */ = {
			isa = PBXTargetDependency;
			target = 97335C8626EFAE1100B18EF8 /* FlexablePatternDemo */;
			targetProxy = 97335C9E26EFAE1200B18EF8 /* PBXContainerItemProxy */;
		};
		97335CAA26EFAE1200B18EF8 /* PBXTargetDependency */ = {
			isa = PBXTargetDependency;
			target = 97335C8626EFAE1100B18EF8 /* FlexablePatternDemo */;
			targetProxy = 97335CA926EFAE1200B18EF8 /* PBXContainerItemProxy */;
		};
/* End PBXTargetDependency section */

/* Begin PBXVariantGroup section */
		97335C9026EFAE1100B18EF8 /* Main.storyboard */ = {
			isa = PBXVariantGroup;
			children = (
				97335C9126EFAE1100B18EF8 /* Base */,
			);
			name = Main.storyboard;
			sourceTree = "<group>";
		};
		97335C9526EFAE1100B18EF8 /* LaunchScreen.storyboard */ = {
			isa = PBXVariantGroup;
			children = (
				97335C9626EFAE1100B18EF8 /* Base */,
			);
			name = LaunchScreen.storyboard;
			sourceTree = "<group>";
		};
/* End PBXVariantGroup section */

/* Begin XCBuildConfiguration section */
		97335CAF26EFAE1200B18EF8 /* Debug */ = {
			isa = XCBuildConfiguration;
			buildSettings = {
				ALWAYS_SEARCH_USER_PATHS = NO;
				CLANG_ANALYZER_NONNULL = YES;
				CLANG_ANALYZER_NUMBER_OBJECT_CONVERSION = YES_AGGRESSIVE;
				CLANG_CXX_LANGUAGE_STANDARD = "gnu++14";
				CLANG_CXX_LIBRARY = "libc++";
				CLANG_ENABLE_MODULES = YES;
				CLANG_ENABLE_OBJC_ARC = YES;
				CLANG_ENABLE_OBJC_WEAK = YES;
				CLANG_WARN_BLOCK_CAPTURE_AUTORELEASING = YES;
				CLANG_WARN_BOOL_CONVERSION = YES;
				CLANG_WARN_COMMA = YES;
				CLANG_WARN_CONSTANT_CONVERSION = YES;
				CLANG_WARN_DEPRECATED_OBJC_IMPLEMENTATIONS = YES;
				CLANG_WARN_DIRECT_OBJC_ISA_USAGE = YES_ERROR;
				CLANG_WARN_DOCUMENTATION_COMMENTS = YES;
				CLANG_WARN_EMPTY_BODY = YES;
				CLANG_WARN_ENUM_CONVERSION = YES;
				CLANG_WARN_INFINITE_RECURSION = YES;
				CLANG_WARN_INT_CONVERSION = YES;
				CLANG_WARN_NON_LITERAL_NULL_CONVERSION = YES;
				CLANG_WARN_OBJC_IMPLICIT_RETAIN_SELF = YES;
				CLANG_WARN_OBJC_LITERAL_CONVERSION = YES;
				CLANG_WARN_OBJC_ROOT_CLASS = YES_ERROR;
				CLANG_WARN_QUOTED_INCLUDE_IN_FRAMEWORK_HEADER = YES;
				CLANG_WARN_RANGE_LOOP_ANALYSIS = YES;
				CLANG_WARN_STRICT_PROTOTYPES = YES;
				CLANG_WARN_SUSPICIOUS_MOVE = YES;
				CLANG_WARN_UNGUARDED_AVAILABILITY = YES_AGGRESSIVE;
				CLANG_WARN_UNREACHABLE_CODE = YES;
				CLANG_WARN__DUPLICATE_METHOD_MATCH = YES;
				COPY_PHASE_STRIP = NO;
				DEBUG_INFORMATION_FORMAT = dwarf;
				ENABLE_STRICT_OBJC_MSGSEND = YES;
				ENABLE_TESTABILITY = YES;
				GCC_C_LANGUAGE_STANDARD = gnu11;
				GCC_DYNAMIC_NO_PIC = NO;
				GCC_NO_COMMON_BLOCKS = YES;
				GCC_OPTIMIZATION_LEVEL = 0;
				GCC_PREPROCESSOR_DEFINITIONS = (
					"DEBUG=1",
					"$(inherited)",
				);
				GCC_WARN_64_TO_32_BIT_CONVERSION = YES;
				GCC_WARN_ABOUT_RETURN_TYPE = YES_ERROR;
				GCC_WARN_UNDECLARED_SELECTOR = YES;
				GCC_WARN_UNINITIALIZED_AUTOS = YES_AGGRESSIVE;
				GCC_WARN_UNUSED_FUNCTION = YES;
				GCC_WARN_UNUSED_VARIABLE = YES;
				IPHONEOS_DEPLOYMENT_TARGET = 14.5;
				MTL_ENABLE_DEBUG_INFO = INCLUDE_SOURCE;
				MTL_FAST_MATH = YES;
				ONLY_ACTIVE_ARCH = YES;
				SDKROOT = iphoneos;
				SWIFT_ACTIVE_COMPILATION_CONDITIONS = DEBUG;
				SWIFT_OPTIMIZATION_LEVEL = "-Onone";
			};
			name = Debug;
		};
		97335CB026EFAE1200B18EF8 /* Release */ = {
			isa = XCBuildConfiguration;
			buildSettings = {
				ALWAYS_SEARCH_USER_PATHS = NO;
				CLANG_ANALYZER_NONNULL = YES;
				CLANG_ANALYZER_NUMBER_OBJECT_CONVERSION = YES_AGGRESSIVE;
				CLANG_CXX_LANGUAGE_STANDARD = "gnu++14";
				CLANG_CXX_LIBRARY = "libc++";
				CLANG_ENABLE_MODULES = YES;
				CLANG_ENABLE_OBJC_ARC = YES;
				CLANG_ENABLE_OBJC_WEAK = YES;
				CLANG_WARN_BLOCK_CAPTURE_AUTORELEASING = YES;
				CLANG_WARN_BOOL_CONVERSION = YES;
				CLANG_WARN_COMMA = YES;
				CLANG_WARN_CONSTANT_CONVERSION = YES;
				CLANG_WARN_DEPRECATED_OBJC_IMPLEMENTATIONS = YES;
				CLANG_WARN_DIRECT_OBJC_ISA_USAGE = YES_ERROR;
				CLANG_WARN_DOCUMENTATION_COMMENTS = YES;
				CLANG_WARN_EMPTY_BODY = YES;
				CLANG_WARN_ENUM_CONVERSION = YES;
				CLANG_WARN_INFINITE_RECURSION = YES;
				CLANG_WARN_INT_CONVERSION = YES;
				CLANG_WARN_NON_LITERAL_NULL_CONVERSION = YES;
				CLANG_WARN_OBJC_IMPLICIT_RETAIN_SELF = YES;
				CLANG_WARN_OBJC_LITERAL_CONVERSION = YES;
				CLANG_WARN_OBJC_ROOT_CLASS = YES_ERROR;
				CLANG_WARN_QUOTED_INCLUDE_IN_FRAMEWORK_HEADER = YES;
				CLANG_WARN_RANGE_LOOP_ANALYSIS = YES;
				CLANG_WARN_STRICT_PROTOTYPES = YES;
				CLANG_WARN_SUSPICIOUS_MOVE = YES;
				CLANG_WARN_UNGUARDED_AVAILABILITY = YES_AGGRESSIVE;
				CLANG_WARN_UNREACHABLE_CODE = YES;
				CLANG_WARN__DUPLICATE_METHOD_MATCH = YES;
				COPY_PHASE_STRIP = NO;
				DEBUG_INFORMATION_FORMAT = "dwarf-with-dsym";
				ENABLE_NS_ASSERTIONS = NO;
				ENABLE_STRICT_OBJC_MSGSEND = YES;
				GCC_C_LANGUAGE_STANDARD = gnu11;
				GCC_NO_COMMON_BLOCKS = YES;
				GCC_WARN_64_TO_32_BIT_CONVERSION = YES;
				GCC_WARN_ABOUT_RETURN_TYPE = YES_ERROR;
				GCC_WARN_UNDECLARED_SELECTOR = YES;
				GCC_WARN_UNINITIALIZED_AUTOS = YES_AGGRESSIVE;
				GCC_WARN_UNUSED_FUNCTION = YES;
				GCC_WARN_UNUSED_VARIABLE = YES;
				IPHONEOS_DEPLOYMENT_TARGET = 14.5;
				MTL_ENABLE_DEBUG_INFO = NO;
				MTL_FAST_MATH = YES;
				SDKROOT = iphoneos;
				SWIFT_COMPILATION_MODE = wholemodule;
				SWIFT_OPTIMIZATION_LEVEL = "-O";
				VALIDATE_PRODUCT = YES;
			};
			name = Release;
		};
		97335CB226EFAE1200B18EF8 /* Debug */ = {
			isa = XCBuildConfiguration;
			buildSettings = {
				ASSETCATALOG_COMPILER_APPICON_NAME = AppIcon;
				ASSETCATALOG_COMPILER_GLOBAL_ACCENT_COLOR_NAME = AccentColor;
				CODE_SIGN_STYLE = Automatic;
				DEVELOPMENT_TEAM = Q899T2QRE9;
				INFOPLIST_FILE = "FlexablePatternDemo/Application Files/Info.plist";
				LD_RUNPATH_SEARCH_PATHS = (
					"$(inherited)",
					"@executable_path/Frameworks",
				);
				PRODUCT_BUNDLE_IDENTIFIER = "uk.co.vrei-ltd.FlexablePatternDemo";
				PRODUCT_NAME = "$(TARGET_NAME)";
				SWIFT_VERSION = 5.0;
				TARGETED_DEVICE_FAMILY = "1,2";
			};
			name = Debug;
		};
		97335CB326EFAE1200B18EF8 /* Release */ = {
			isa = XCBuildConfiguration;
			buildSettings = {
				ASSETCATALOG_COMPILER_APPICON_NAME = AppIcon;
				ASSETCATALOG_COMPILER_GLOBAL_ACCENT_COLOR_NAME = AccentColor;
				CODE_SIGN_STYLE = Automatic;
				DEVELOPMENT_TEAM = Q899T2QRE9;
				INFOPLIST_FILE = "FlexablePatternDemo/Application Files/Info.plist";
				LD_RUNPATH_SEARCH_PATHS = (
					"$(inherited)",
					"@executable_path/Frameworks",
				);
				PRODUCT_BUNDLE_IDENTIFIER = "uk.co.vrei-ltd.FlexablePatternDemo";
				PRODUCT_NAME = "$(TARGET_NAME)";
				SWIFT_VERSION = 5.0;
				TARGETED_DEVICE_FAMILY = "1,2";
			};
			name = Release;
		};
		97335CB526EFAE1200B18EF8 /* Debug */ = {
			isa = XCBuildConfiguration;
			buildSettings = {
				ALWAYS_EMBED_SWIFT_STANDARD_LIBRARIES = YES;
				BUNDLE_LOADER = "$(TEST_HOST)";
				CODE_SIGN_STYLE = Automatic;
				DEVELOPMENT_TEAM = Q899T2QRE9;
				INFOPLIST_FILE = FlexablePatternDemoTests/Info.plist;
				IPHONEOS_DEPLOYMENT_TARGET = 14.5;
				LD_RUNPATH_SEARCH_PATHS = (
					"$(inherited)",
					"@executable_path/Frameworks",
					"@loader_path/Frameworks",
				);
				PRODUCT_BUNDLE_IDENTIFIER = "uk.co.vrei-ltd.FlexablePatternDemoTests";
				PRODUCT_NAME = "$(TARGET_NAME)";
				SWIFT_VERSION = 5.0;
				TARGETED_DEVICE_FAMILY = "1,2";
				TEST_HOST = "$(BUILT_PRODUCTS_DIR)/FlexablePatternDemo.app/FlexablePatternDemo";
			};
			name = Debug;
		};
		97335CB626EFAE1200B18EF8 /* Release */ = {
			isa = XCBuildConfiguration;
			buildSettings = {
				ALWAYS_EMBED_SWIFT_STANDARD_LIBRARIES = YES;
				BUNDLE_LOADER = "$(TEST_HOST)";
				CODE_SIGN_STYLE = Automatic;
				DEVELOPMENT_TEAM = Q899T2QRE9;
				INFOPLIST_FILE = FlexablePatternDemoTests/Info.plist;
				IPHONEOS_DEPLOYMENT_TARGET = 14.5;
				LD_RUNPATH_SEARCH_PATHS = (
					"$(inherited)",
					"@executable_path/Frameworks",
					"@loader_path/Frameworks",
				);
				PRODUCT_BUNDLE_IDENTIFIER = "uk.co.vrei-ltd.FlexablePatternDemoTests";
				PRODUCT_NAME = "$(TARGET_NAME)";
				SWIFT_VERSION = 5.0;
				TARGETED_DEVICE_FAMILY = "1,2";
				TEST_HOST = "$(BUILT_PRODUCTS_DIR)/FlexablePatternDemo.app/FlexablePatternDemo";
			};
			name = Release;
		};
		97335CB826EFAE1200B18EF8 /* Debug */ = {
			isa = XCBuildConfiguration;
			buildSettings = {
				ALWAYS_EMBED_SWIFT_STANDARD_LIBRARIES = YES;
				CODE_SIGN_STYLE = Automatic;
				DEVELOPMENT_TEAM = Q899T2QRE9;
				INFOPLIST_FILE = FlexablePatternDemoUITests/Info.plist;
				LD_RUNPATH_SEARCH_PATHS = (
					"$(inherited)",
					"@executable_path/Frameworks",
					"@loader_path/Frameworks",
				);
				PRODUCT_BUNDLE_IDENTIFIER = "uk.co.vrei-ltd.FlexablePatternDemoUITests";
				PRODUCT_NAME = "$(TARGET_NAME)";
				SWIFT_VERSION = 5.0;
				TARGETED_DEVICE_FAMILY = "1,2";
				TEST_TARGET_NAME = FlexablePatternDemo;
			};
			name = Debug;
		};
		97335CB926EFAE1200B18EF8 /* Release */ = {
			isa = XCBuildConfiguration;
			buildSettings = {
				ALWAYS_EMBED_SWIFT_STANDARD_LIBRARIES = YES;
				CODE_SIGN_STYLE = Automatic;
				DEVELOPMENT_TEAM = Q899T2QRE9;
				INFOPLIST_FILE = FlexablePatternDemoUITests/Info.plist;
				LD_RUNPATH_SEARCH_PATHS = (
					"$(inherited)",
					"@executable_path/Frameworks",
					"@loader_path/Frameworks",
				);
				PRODUCT_BUNDLE_IDENTIFIER = "uk.co.vrei-ltd.FlexablePatternDemoUITests";
				PRODUCT_NAME = "$(TARGET_NAME)";
				SWIFT_VERSION = 5.0;
				TARGETED_DEVICE_FAMILY = "1,2";
				TEST_TARGET_NAME = FlexablePatternDemo;
			};
			name = Release;
		};
/* End XCBuildConfiguration section */

/* Begin XCConfigurationList section */
		97335C8226EFAE1100B18EF8 /* Build configuration list for PBXProject "FlexablePatternDemo" */ = {
			isa = XCConfigurationList;
			buildConfigurations = (
				97335CAF26EFAE1200B18EF8 /* Debug */,
				97335CB026EFAE1200B18EF8 /* Release */,
			);
			defaultConfigurationIsVisible = 0;
			defaultConfigurationName = Release;
		};
		97335CB126EFAE1200B18EF8 /* Build configuration list for PBXNativeTarget "FlexablePatternDemo" */ = {
			isa = XCConfigurationList;
			buildConfigurations = (
				97335CB226EFAE1200B18EF8 /* Debug */,
				97335CB326EFAE1200B18EF8 /* Release */,
			);
			defaultConfigurationIsVisible = 0;
			defaultConfigurationName = Release;
		};
		97335CB426EFAE1200B18EF8 /* Build configuration list for PBXNativeTarget "FlexablePatternDemoTests" */ = {
			isa = XCConfigurationList;
			buildConfigurations = (
				97335CB526EFAE1200B18EF8 /* Debug */,
				97335CB626EFAE1200B18EF8 /* Release */,
			);
			defaultConfigurationIsVisible = 0;
			defaultConfigurationName = Release;
		};
		97335CB726EFAE1200B18EF8 /* Build configuration list for PBXNativeTarget "FlexablePatternDemoUITests" */ = {
			isa = XCConfigurationList;
			buildConfigurations = (
				97335CB826EFAE1200B18EF8 /* Debug */,
				97335CB926EFAE1200B18EF8 /* Release */,
			);
			defaultConfigurationIsVisible = 0;
			defaultConfigurationName = Release;
		};
/* End XCConfigurationList section */
	};
	rootObject = 97335C7F26EFAE1100B18EF8 /* Project object */;
}
